
Microsoft Visual Studio Solution File, Format Version 12.00
# Visual Studio Version 17
VisualStudioVersion = 17.11.35327.3
MinimumVisualStudioVersion = 10.0.40219.1
Project("{FAE04EC0-301F-11D3-BF4B-00C04F79EFBC}") = "EFBeta", "EFBeta\EFBeta.csproj", "{0F64A3A7-0451-494E-B4F4-86DFF85E36E5}"
EndProject
Project("{FAE04EC0-301F-11D3-BF4B-00C04F79EFBC}") = "AccesoDatos", "AccesoDatos\AccesoDatos.csproj", "{7B4D8BDD-30AA-447F-8F6F-C1C4572F3500}"
EndProject
Global
	GlobalSection(SolutionConfigurationPlatforms) = preSolution
		Debug|Any CPU = Debug|Any CPU
		Release|Any CPU = Release|Any CPU
	EndGlobalSection
	GlobalSection(ProjectConfigurationPlatforms) = postSolution
		{0F64A3A7-0451-494E-B4F4-86DFF85E36E5}.Debug|Any CPU.ActiveCfg = Debug|Any CPU
		{0F64A3A7-0451-494E-B4F4-86DFF85E36E5}.Debug|Any CPU.Build.0 = Debug|Any CPU
		{0F64A3A7-0451-494E-B4F4-86DFF85E36E5}.Release|Any CPU.ActiveCfg = Release|Any CPU
		{0F64A3A7-0451-494E-B4F4-86DFF85E36E5}.Release|Any CPU.Build.0 = Release|Any CPU
		{7B4D8BDD-30AA-447F-8F6F-C1C4572F3500}.Debug|Any CPU.ActiveCfg = Debug|Any CPU
		{7B4D8BDD-30AA-447F-8F6F-C1C4572F3500}.Debug|Any CPU.Build.0 = Debug|Any CPU
		{7B4D8BDD-30AA-447F-8F6F-C1C4572F3500}.Release|Any CPU.ActiveCfg = Release|Any CPU
		{7B4D8BDD-30AA-447F-8F6F-C1C4572F3500}.Release|Any CPU.Build.0 = Release|Any CPU
	EndGlobalSection
	GlobalSection(SolutionProperties) = preSolution
		HideSolutionNode = FALSE
	EndGlobalSection
	GlobalSection(ExtensibilityGlobals) = postSolution
		SolutionGuid = {01C1ACED-24B7-4FA7-B1DF-CF27C2FB1724}
	EndGlobalSection
EndGlobal
